
Microsoft Visual Studio Solution File, Format Version 12.00
# Visual Studio Version 16
VisualStudioVersion = 16.0.30114.105
MinimumVisualStudioVersion = 10.0.40219.1
Project("{F2A71F9B-5D33-465A-A702-920D77279786}") = "BinocularsHost", "BinocularsHost\BinocularsHost.fsproj", "{6CDBD34B-17A4-4ECF-96AA-4ECC122BEE0C}"
EndProject
Project("{F2A71F9B-5D33-465A-A702-920D77279786}") = "BinocularsLib", "BinocularsLib\BinocularsLib.fsproj", "{F5F07F99-9DCE-44E8-ABFC-0D841A6ED8E5}"
EndProject
Project("{FAE04EC0-301F-11D3-BF4B-00C04F79EFBC}") = "BinocularsLibCS", "BinocularsLibCS\BinocularsLibCS.csproj", "{90236D5F-6DB7-470F-AB19-BEFA139051EA}"
EndProject
Project("{FAE04EC0-301F-11D3-BF4B-00C04F79EFBC}") = "BinocularsHostCS1", "BinocularsHostCS1\BinocularsHostCS1.csproj", "{50D8A17B-BB66-4970-AD77-91FDE0D69138}"
EndProject
Project("{FAE04EC0-301F-11D3-BF4B-00C04F79EFBC}") = "BinocularsHostCS2", "BinocularsHostCS2\BinocularsHostCS2.csproj", "{83A1DAFE-6445-4110-956E-3BBC13FAB9D5}"
EndProject
Global
	GlobalSection(SolutionConfigurationPlatforms) = preSolution
		Debug|Any CPU = Debug|Any CPU
		Release|Any CPU = Release|Any CPU
	EndGlobalSection
	GlobalSection(SolutionProperties) = preSolution
		HideSolutionNode = FALSE
	EndGlobalSection
	GlobalSection(ProjectConfigurationPlatforms) = postSolution
		{6CDBD34B-17A4-4ECF-96AA-4ECC122BEE0C}.Debug|Any CPU.ActiveCfg = Debug|Any CPU
		{6CDBD34B-17A4-4ECF-96AA-4ECC122BEE0C}.Debug|Any CPU.Build.0 = Debug|Any CPU
		{6CDBD34B-17A4-4ECF-96AA-4ECC122BEE0C}.Release|Any CPU.ActiveCfg = Release|Any CPU
		{6CDBD34B-17A4-4ECF-96AA-4ECC122BEE0C}.Release|Any CPU.Build.0 = Release|Any CPU
		{F5F07F99-9DCE-44E8-ABFC-0D841A6ED8E5}.Debug|Any CPU.ActiveCfg = Debug|Any CPU
		{F5F07F99-9DCE-44E8-ABFC-0D841A6ED8E5}.Debug|Any CPU.Build.0 = Debug|Any CPU
		{F5F07F99-9DCE-44E8-ABFC-0D841A6ED8E5}.Release|Any CPU.ActiveCfg = Release|Any CPU
		{F5F07F99-9DCE-44E8-ABFC-0D841A6ED8E5}.Release|Any CPU.Build.0 = Release|Any CPU
		{90236D5F-6DB7-470F-AB19-BEFA139051EA}.Debug|Any CPU.ActiveCfg = Debug|Any CPU
		{90236D5F-6DB7-470F-AB19-BEFA139051EA}.Debug|Any CPU.Build.0 = Debug|Any CPU
		{90236D5F-6DB7-470F-AB19-BEFA139051EA}.Release|Any CPU.ActiveCfg = Release|Any CPU
		{90236D5F-6DB7-470F-AB19-BEFA139051EA}.Release|Any CPU.Build.0 = Release|Any CPU
		{50D8A17B-BB66-4970-AD77-91FDE0D69138}.Debug|Any CPU.ActiveCfg = Debug|Any CPU
		{50D8A17B-BB66-4970-AD77-91FDE0D69138}.Debug|Any CPU.Build.0 = Debug|Any CPU
		{50D8A17B-BB66-4970-AD77-91FDE0D69138}.Release|Any CPU.ActiveCfg = Release|Any CPU
		{50D8A17B-BB66-4970-AD77-91FDE0D69138}.Release|Any CPU.Build.0 = Release|Any CPU
		{83A1DAFE-6445-4110-956E-3BBC13FAB9D5}.Debug|Any CPU.ActiveCfg = Debug|Any CPU
		{83A1DAFE-6445-4110-956E-3BBC13FAB9D5}.Debug|Any CPU.Build.0 = Debug|Any CPU
		{83A1DAFE-6445-4110-956E-3BBC13FAB9D5}.Release|Any CPU.ActiveCfg = Release|Any CPU
		{83A1DAFE-6445-4110-956E-3BBC13FAB9D5}.Release|Any CPU.Build.0 = Release|Any CPU
	EndGlobalSection
EndGlobal
